// !$*UTF8*$!
{
	archiveVersion = 1;
	classes = {
	};
	objectVersion = 46;
	objects = {

/* Begin PBXBuildFile section */
		A913A8B31BF56E9900DACFC0 /* Repository.swift in Sources */ = {isa = PBXBuildFile; fileRef = A913A8B21BF56E9900DACFC0 /* Repository.swift */; };
		A913A8B71BF66E7600DACFC0 /* ProfileViewController.swift in Sources */ = {isa = PBXBuildFile; fileRef = A913A8B61BF66E7600DACFC0 /* ProfileViewController.swift */; };
		A913A8B91BF699F900DACFC0 /* Owner.swift in Sources */ = {isa = PBXBuildFile; fileRef = A913A8B81BF699F900DACFC0 /* Owner.swift */; };
		A913A8BB1BF6AE5900DACFC0 /* User.swift in Sources */ = {isa = PBXBuildFile; fileRef = A913A8BA1BF6AE5900DACFC0 /* User.swift */; };
		A913A8BD1BF6B69B00DACFC0 /* SearchViewController.swift in Sources */ = {isa = PBXBuildFile; fileRef = A913A8BC1BF6B69B00DACFC0 /* SearchViewController.swift */; };
		A94E6E0F1BF9028700408BA1 /* SearchUserViewController.swift in Sources */ = {isa = PBXBuildFile; fileRef = A94E6E0E1BF9028700408BA1 /* SearchUserViewController.swift */; };
		A94E6E111BF906AC00408BA1 /* CustomFlowLayout.swift in Sources */ = {isa = PBXBuildFile; fileRef = A94E6E101BF906AC00408BA1 /* CustomFlowLayout.swift */; };
		A94E6E131BF906DF00408BA1 /* UserCollectionViewCell.swift in Sources */ = {isa = PBXBuildFile; fileRef = A94E6E121BF906DF00408BA1 /* UserCollectionViewCell.swift */; };
		A94E6E151BF9556C00408BA1 /* CustomSegue.swift in Sources */ = {isa = PBXBuildFile; fileRef = A94E6E141BF9556C00408BA1 /* CustomSegue.swift */; };
		A94E6E171BF9589200408BA1 /* UserViewController.swift in Sources */ = {isa = PBXBuildFile; fileRef = A94E6E161BF9589200408BA1 /* UserViewController.swift */; };
		A9539B341BF2E283008F8B4E /* GithubService.swift in Sources */ = {isa = PBXBuildFile; fileRef = A9539B331BF2E282008F8B4E /* GithubService.swift */; };
		A9539B361BF40539008F8B4E /* HomeViewController.swift in Sources */ = {isa = PBXBuildFile; fileRef = A9539B351BF40539008F8B4E /* HomeViewController.swift */; };
		A9AB06931BF125A20047CA9F /* AppDelegate.swift in Sources */ = {isa = PBXBuildFile; fileRef = A9AB06921BF125A20047CA9F /* AppDelegate.swift */; };
		A9AB06951BF125A20047CA9F /* ViewController.swift in Sources */ = {isa = PBXBuildFile; fileRef = A9AB06941BF125A20047CA9F /* ViewController.swift */; };
		A9AB06981BF125A20047CA9F /* Main.storyboard in Resources */ = {isa = PBXBuildFile; fileRef = A9AB06961BF125A20047CA9F /* Main.storyboard */; };
		A9AB069A1BF125A20047CA9F /* Assets.xcassets in Resources */ = {isa = PBXBuildFile; fileRef = A9AB06991BF125A20047CA9F /* Assets.xcassets */; };
		A9AB069D1BF125A20047CA9F /* LaunchScreen.storyboard in Resources */ = {isa = PBXBuildFile; fileRef = A9AB069B1BF125A20047CA9F /* LaunchScreen.storyboard */; };
		A9AB06A51BF128440047CA9F /* OAuthClient.swift in Sources */ = {isa = PBXBuildFile; fileRef = A9AB06A41BF128440047CA9F /* OAuthClient.swift */; };
/* End PBXBuildFile section */

/* Begin PBXFileReference section */
		A913A8B21BF56E9900DACFC0 /* Repository.swift */ = {isa = PBXFileReference; fileEncoding = 4; lastKnownFileType = sourcecode.swift; path = Repository.swift; sourceTree = "<group>"; };
		A913A8B61BF66E7600DACFC0 /* ProfileViewController.swift */ = {isa = PBXFileReference; fileEncoding = 4; lastKnownFileType = sourcecode.swift; path = ProfileViewController.swift; sourceTree = "<group>"; };
		A913A8B81BF699F900DACFC0 /* Owner.swift */ = {isa = PBXFileReference; fileEncoding = 4; lastKnownFileType = sourcecode.swift; path = Owner.swift; sourceTree = "<group>"; };
		A913A8BA1BF6AE5900DACFC0 /* User.swift */ = {isa = PBXFileReference; fileEncoding = 4; lastKnownFileType = sourcecode.swift; path = User.swift; sourceTree = "<group>"; };
		A913A8BC1BF6B69B00DACFC0 /* SearchViewController.swift */ = {isa = PBXFileReference; fileEncoding = 4; lastKnownFileType = sourcecode.swift; path = SearchViewController.swift; sourceTree = "<group>"; };
		A94E6E0E1BF9028700408BA1 /* SearchUserViewController.swift */ = {isa = PBXFileReference; fileEncoding = 4; lastKnownFileType = sourcecode.swift; path = SearchUserViewController.swift; sourceTree = "<group>"; };
		A94E6E101BF906AC00408BA1 /* CustomFlowLayout.swift */ = {isa = PBXFileReference; fileEncoding = 4; lastKnownFileType = sourcecode.swift; path = CustomFlowLayout.swift; sourceTree = "<group>"; };
		A94E6E121BF906DF00408BA1 /* UserCollectionViewCell.swift */ = {isa = PBXFileReference; fileEncoding = 4; lastKnownFileType = sourcecode.swift; path = UserCollectionViewCell.swift; sourceTree = "<group>"; };
		A94E6E141BF9556C00408BA1 /* CustomSegue.swift */ = {isa = PBXFileReference; fileEncoding = 4; lastKnownFileType = sourcecode.swift; path = CustomSegue.swift; sourceTree = "<group>"; };
		A94E6E161BF9589200408BA1 /* UserViewController.swift */ = {isa = PBXFileReference; fileEncoding = 4; lastKnownFileType = sourcecode.swift; path = UserViewController.swift; sourceTree = "<group>"; };
		A9539B331BF2E282008F8B4E /* GithubService.swift */ = {isa = PBXFileReference; fileEncoding = 4; lastKnownFileType = sourcecode.swift; path = GithubService.swift; sourceTree = "<group>"; };
		A9539B351BF40539008F8B4E /* HomeViewController.swift */ = {isa = PBXFileReference; fileEncoding = 4; lastKnownFileType = sourcecode.swift; path = HomeViewController.swift; sourceTree = "<group>"; };
		A9AB068F1BF125A20047CA9F /* GithubClient.app */ = {isa = PBXFileReference; explicitFileType = wrapper.application; includeInIndex = 0; path = GithubClient.app; sourceTree = BUILT_PRODUCTS_DIR; };
		A9AB06921BF125A20047CA9F /* AppDelegate.swift */ = {isa = PBXFileReference; lastKnownFileType = sourcecode.swift; path = AppDelegate.swift; sourceTree = "<group>"; };
		A9AB06941BF125A20047CA9F /* ViewController.swift */ = {isa = PBXFileReference; lastKnownFileType = sourcecode.swift; path = ViewController.swift; sourceTree = "<group>"; };
		A9AB06971BF125A20047CA9F /* Base */ = {isa = PBXFileReference; lastKnownFileType = file.storyboard; name = Base; path = Base.lproj/Main.storyboard; sourceTree = "<group>"; };
		A9AB06991BF125A20047CA9F /* Assets.xcassets */ = {isa = PBXFileReference; lastKnownFileType = folder.assetcatalog; path = Assets.xcassets; sourceTree = "<group>"; };
		A9AB069C1BF125A20047CA9F /* Base */ = {isa = PBXFileReference; lastKnownFileType = file.storyboard; name = Base; path = Base.lproj/LaunchScreen.storyboard; sourceTree = "<group>"; };
		A9AB069E1BF125A20047CA9F /* Info.plist */ = {isa = PBXFileReference; lastKnownFileType = text.plist.xml; path = Info.plist; sourceTree = "<group>"; };
		A9AB06A41BF128440047CA9F /* OAuthClient.swift */ = {isa = PBXFileReference; fileEncoding = 4; lastKnownFileType = sourcecode.swift; path = OAuthClient.swift; sourceTree = "<group>"; };
/* End PBXFileReference section */

/* Begin PBXFrameworksBuildPhase section */
		A9AB068C1BF125A20047CA9F /* Frameworks */ = {
			isa = PBXFrameworksBuildPhase;
			buildActionMask = 2147483647;
			files = (
			);
			runOnlyForDeploymentPostprocessing = 0;
		};
/* End PBXFrameworksBuildPhase section */

/* Begin PBXGroup section */
		A9AB06861BF125A10047CA9F = {
			isa = PBXGroup;
			children = (
				A9AB06911BF125A20047CA9F /* GithubClient */,
				A9AB06901BF125A20047CA9F /* Products */,
			);
			sourceTree = "<group>";
		};
		A9AB06901BF125A20047CA9F /* Products */ = {
			isa = PBXGroup;
			children = (
				A9AB068F1BF125A20047CA9F /* GithubClient.app */,
			);
			name = Products;
			sourceTree = "<group>";
		};
		A9AB06911BF125A20047CA9F /* GithubClient */ = {
			isa = PBXGroup;
			children = (
				A9AB06921BF125A20047CA9F /* AppDelegate.swift */,
				A9AB06A41BF128440047CA9F /* OAuthClient.swift */,
				A9539B331BF2E282008F8B4E /* GithubService.swift */,
				A9AB06941BF125A20047CA9F /* ViewController.swift */,
				A9539B351BF40539008F8B4E /* HomeViewController.swift */,
				A913A8B61BF66E7600DACFC0 /* ProfileViewController.swift */,
				A913A8BC1BF6B69B00DACFC0 /* SearchViewController.swift */,
				A94E6E0E1BF9028700408BA1 /* SearchUserViewController.swift */,
				A94E6E161BF9589200408BA1 /* UserViewController.swift */,
				A913A8B21BF56E9900DACFC0 /* Repository.swift */,
				A913A8BA1BF6AE5900DACFC0 /* User.swift */,
				A913A8B81BF699F900DACFC0 /* Owner.swift */,
				A94E6E101BF906AC00408BA1 /* CustomFlowLayout.swift */,
				A94E6E121BF906DF00408BA1 /* UserCollectionViewCell.swift */,
				A94E6E141BF9556C00408BA1 /* CustomSegue.swift */,
				A9AB06961BF125A20047CA9F /* Main.storyboard */,
				A9AB06991BF125A20047CA9F /* Assets.xcassets */,
				A9AB069B1BF125A20047CA9F /* LaunchScreen.storyboard */,
				A9AB069E1BF125A20047CA9F /* Info.plist */,
			);
			path = GithubClient;
			sourceTree = "<group>";
		};
/* End PBXGroup section */

/* Begin PBXNativeTarget section */
		A9AB068E1BF125A20047CA9F /* GithubClient */ = {
			isa = PBXNativeTarget;
			buildConfigurationList = A9AB06A11BF125A20047CA9F /* Build configuration list for PBXNativeTarget "GithubClient" */;
			buildPhases = (
				A9AB068B1BF125A20047CA9F /* Sources */,
				A9AB068C1BF125A20047CA9F /* Frameworks */,
				A9AB068D1BF125A20047CA9F /* Resources */,
			);
			buildRules = (
			);
			dependencies = (
			);
			name = GithubClient;
			productName = GithubClient;
			productReference = A9AB068F1BF125A20047CA9F /* GithubClient.app */;
			productType = "com.apple.product-type.application";
		};
/* End PBXNativeTarget section */

/* Begin PBXProject section */
		A9AB06871BF125A10047CA9F /* Project object */ = {
			isa = PBXProject;
			attributes = {
				LastSwiftUpdateCheck = 0710;
				LastUpgradeCheck = 0710;
				ORGANIZATIONNAME = HoodsDream;
				TargetAttributes = {
					A9AB068E1BF125A20047CA9F = {
						CreatedOnToolsVersion = 7.1;
						DevelopmentTeam = 7JPV3NX8Z6;
					};
				};
			};
			buildConfigurationList = A9AB068A1BF125A10047CA9F /* Build configuration list for PBXProject "GithubClient" */;
			compatibilityVersion = "Xcode 3.2";
			developmentRegion = English;
			hasScannedForEncodings = 0;
			knownRegions = (
				en,
				Base,
			);
			mainGroup = A9AB06861BF125A10047CA9F;
			productRefGroup = A9AB06901BF125A20047CA9F /* Products */;
			projectDirPath = "";
			projectRoot = "";
			targets = (
				A9AB068E1BF125A20047CA9F /* GithubClient */,
			);
		};
/* End PBXProject section */

/* Begin PBXResourcesBuildPhase section */
		A9AB068D1BF125A20047CA9F /* Resources */ = {
			isa = PBXResourcesBuildPhase;
			buildActionMask = 2147483647;
			files = (
				A9AB069D1BF125A20047CA9F /* LaunchScreen.storyboard in Resources */,
				A9AB069A1BF125A20047CA9F /* Assets.xcassets in Resources */,
				A9AB06981BF125A20047CA9F /* Main.storyboard in Resources */,
			);
			runOnlyForDeploymentPostprocessing = 0;
		};
/* End PBXResourcesBuildPhase section */

/* Begin PBXSourcesBuildPhase section */
		A9AB068B1BF125A20047CA9F /* Sources */ = {
			isa = PBXSourcesBuildPhase;
			buildActionMask = 2147483647;
			files = (
				A913A8BD1BF6B69B00DACFC0 /* SearchViewController.swift in Sources */,
				A94E6E171BF9589200408BA1 /* UserViewController.swift in Sources */,
				A9539B361BF40539008F8B4E /* HomeViewController.swift in Sources */,
				A9AB06A51BF128440047CA9F /* OAuthClient.swift in Sources */,
				A9AB06951BF125A20047CA9F /* ViewController.swift in Sources */,
				A94E6E151BF9556C00408BA1 /* CustomSegue.swift in Sources */,
				A94E6E0F1BF9028700408BA1 /* SearchUserViewController.swift in Sources */,
				A9539B341BF2E283008F8B4E /* GithubService.swift in Sources */,
				A913A8B91BF699F900DACFC0 /* Owner.swift in Sources */,
				A913A8BB1BF6AE5900DACFC0 /* User.swift in Sources */,
				A9AB06931BF125A20047CA9F /* AppDelegate.swift in Sources */,
				A913A8B31BF56E9900DACFC0 /* Repository.swift in Sources */,
				A94E6E111BF906AC00408BA1 /* CustomFlowLayout.swift in Sources */,
				A913A8B71BF66E7600DACFC0 /* ProfileViewController.swift in Sources */,
				A94E6E131BF906DF00408BA1 /* UserCollectionViewCell.swift in Sources */,
			);
			runOnlyForDeploymentPostprocessing = 0;
		};
/* End PBXSourcesBuildPhase section */

/* Begin PBXVariantGroup section */
		A9AB06961BF125A20047CA9F /* Main.storyboard */ = {
			isa = PBXVariantGroup;
			children = (
				A9AB06971BF125A20047CA9F /* Base */,
			);
			name = Main.storyboard;
			sourceTree = "<group>";
		};
		A9AB069B1BF125A20047CA9F /* LaunchScreen.storyboard */ = {
			isa = PBXVariantGroup;
			children = (
				A9AB069C1BF125A20047CA9F /* Base */,
			);
			name = LaunchScreen.storyboard;
			sourceTree = "<group>";
		};
/* End PBXVariantGroup section */

/* Begin XCBuildConfiguration section */
		A9AB069F1BF125A20047CA9F /* Debug */ = {
			isa = XCBuildConfiguration;
			buildSettings = {
				ALWAYS_SEARCH_USER_PATHS = NO;
				CLANG_CXX_LANGUAGE_STANDARD = "gnu++0x";
				CLANG_CXX_LIBRARY = "libc++";
				CLANG_ENABLE_MODULES = YES;
				CLANG_ENABLE_OBJC_ARC = YES;
				CLANG_WARN_BOOL_CONVERSION = YES;
				CLANG_WARN_CONSTANT_CONVERSION = YES;
				CLANG_WARN_DIRECT_OBJC_ISA_USAGE = YES_ERROR;
				CLANG_WARN_EMPTY_BODY = YES;
				CLANG_WARN_ENUM_CONVERSION = YES;
				CLANG_WARN_INT_CONVERSION = YES;
				CLANG_WARN_OBJC_ROOT_CLASS = YES_ERROR;
				CLANG_WARN_UNREACHABLE_CODE = YES;
				CLANG_WARN__DUPLICATE_METHOD_MATCH = YES;
				"CODE_SIGN_IDENTITY[sdk=iphoneos*]" = "iPhone Developer";
				COPY_PHASE_STRIP = NO;
				DEBUG_INFORMATION_FORMAT = dwarf;
				ENABLE_STRICT_OBJC_MSGSEND = YES;
				ENABLE_TESTABILITY = YES;
				GCC_C_LANGUAGE_STANDARD = gnu99;
				GCC_DYNAMIC_NO_PIC = NO;
				GCC_NO_COMMON_BLOCKS = YES;
				GCC_OPTIMIZATION_LEVEL = 0;
				GCC_PREPROCESSOR_DEFINITIONS = (
					"DEBUG=1",
					"$(inherited)",
				);
				GCC_WARN_64_TO_32_BIT_CONVERSION = YES;
				GCC_WARN_ABOUT_RETURN_TYPE = YES_ERROR;
				GCC_WARN_UNDECLARED_SELECTOR = YES;
				GCC_WARN_UNINITIALIZED_AUTOS = YES_AGGRESSIVE;
				GCC_WARN_UNUSED_FUNCTION = YES;
				GCC_WARN_UNUSED_VARIABLE = YES;
				IPHONEOS_DEPLOYMENT_TARGET = 9.1;
				MTL_ENABLE_DEBUG_INFO = YES;
				ONLY_ACTIVE_ARCH = YES;
				SDKROOT = iphoneos;
				SWIFT_OPTIMIZATION_LEVEL = "-Onone";
			};
			name = Debug;
		};
		A9AB06A01BF125A20047CA9F /* Release */ = {
			isa = XCBuildConfiguration;
			buildSettings = {
				ALWAYS_SEARCH_USER_PATHS = NO;
				CLANG_CXX_LANGUAGE_STANDARD = "gnu++0x";
				CLANG_CXX_LIBRARY = "libc++";
				CLANG_ENABLE_MODULES = YES;
				CLANG_ENABLE_OBJC_ARC = YES;
				CLANG_WARN_BOOL_CONVERSION = YES;
				CLANG_WARN_CONSTANT_CONVERSION = YES;
				CLANG_WARN_DIRECT_OBJC_ISA_USAGE = YES_ERROR;
				CLANG_WARN_EMPTY_BODY = YES;
				CLANG_WARN_ENUM_CONVERSION = YES;
				CLANG_WARN_INT_CONVERSION = YES;
				CLANG_WARN_OBJC_ROOT_CLASS = YES_ERROR;
				CLANG_WARN_UNREACHABLE_CODE = YES;
				CLANG_WARN__DUPLICATE_METHOD_MATCH = YES;
				"CODE_SIGN_IDENTITY[sdk=iphoneos*]" = "iPhone Developer";
				COPY_PHASE_STRIP = NO;
				DEBUG_INFORMATION_FORMAT = "dwarf-with-dsym";
				ENABLE_NS_ASSERTIONS = NO;
				ENABLE_STRICT_OBJC_MSGSEND = YES;
				GCC_C_LANGUAGE_STANDARD = gnu99;
				GCC_NO_COMMON_BLOCKS = YES;
				GCC_WARN_64_TO_32_BIT_CONVERSION = YES;
				GCC_WARN_ABOUT_RETURN_TYPE = YES_ERROR;
				GCC_WARN_UNDECLARED_SELECTOR = YES;
				GCC_WARN_UNINITIALIZED_AUTOS = YES_AGGRESSIVE;
				GCC_WARN_UNUSED_FUNCTION = YES;
				GCC_WARN_UNUSED_VARIABLE = YES;
				IPHONEOS_DEPLOYMENT_TARGET = 9.1;
				MTL_ENABLE_DEBUG_INFO = NO;
				SDKROOT = iphoneos;
				VALIDATE_PRODUCT = YES;
			};
			name = Release;
		};
		A9AB06A21BF125A20047CA9F /* Debug */ = {
			isa = XCBuildConfiguration;
			buildSettings = {
				ASSETCATALOG_COMPILER_APPICON_NAME = AppIcon;
				CODE_SIGN_IDENTITY = "iPhone Developer";
				INFOPLIST_FILE = GithubClient/Info.plist;
				LD_RUNPATH_SEARCH_PATHS = "$(inherited) @executable_path/Frameworks";
				PRODUCT_BUNDLE_IDENTIFIER = com.AsteroidBlues.GithubClient;
				PRODUCT_NAME = "$(TARGET_NAME)";
			};
			name = Debug;
		};
		A9AB06A31BF125A20047CA9F /* Release */ = {
			isa = XCBuildConfiguration;
			buildSettings = {
				ASSETCATALOG_COMPILER_APPICON_NAME = AppIcon;
				CODE_SIGN_IDENTITY = "iPhone Developer";
				INFOPLIST_FILE = GithubClient/Info.plist;
				LD_RUNPATH_SEARCH_PATHS = "$(inherited) @executable_path/Frameworks";
				PRODUCT_BUNDLE_IDENTIFIER = com.AsteroidBlues.GithubClient;
				PRODUCT_NAME = "$(TARGET_NAME)";
			};
			name = Release;
		};
/* End XCBuildConfiguration section */

/* Begin XCConfigurationList section */
		A9AB068A1BF125A10047CA9F /* Build configuration list for PBXProject "GithubClient" */ = {
			isa = XCConfigurationList;
			buildConfigurations = (
				A9AB069F1BF125A20047CA9F /* Debug */,
				A9AB06A01BF125A20047CA9F /* Release */,
			);
			defaultConfigurationIsVisible = 0;
			defaultConfigurationName = Release;
		};
		A9AB06A11BF125A20047CA9F /* Build configuration list for PBXNativeTarget "GithubClient" */ = {
			isa = XCConfigurationList;
			buildConfigurations = (
				A9AB06A21BF125A20047CA9F /* Debug */,
				A9AB06A31BF125A20047CA9F /* Release */,
			);
			defaultConfigurationIsVisible = 0;
			defaultConfigurationName = Release;
		};
/* End XCConfigurationList section */
	};
	rootObject = A9AB06871BF125A10047CA9F /* Project object */;
}
